
Microsoft Visual Studio Solution File, Format Version 12.00
# Visual Studio Version 16
VisualStudioVersion = 16.0.29806.167
MinimumVisualStudioVersion = 10.0.40219.1
Project("{9A19103F-16F7-4668-BE54-9A1E7A4F7556}") = "TravelExp.Common", "TravelExp.Common\TravelExp.Common.csproj", "{1CDDB5A4-382E-418E-A4ED-B3D9F8B028C2}"
EndProject
Project("{9A19103F-16F7-4668-BE54-9A1E7A4F7556}") = "TravelExp.Web", "TravelExp.Web\TravelExp.Web.csproj", "{64B5C610-C663-494B-8559-6EB653CDB903}"
EndProject
Project("{FAE04EC0-301F-11D3-BF4B-00C04F79EFBC}") = "TravelExp.Prism", "TravelExp.Prism\TravelExp.Prism\TravelExp.Prism.csproj", "{CBDEE436-36A1-4A2D-A0AD-61A128E012CF}"
EndProject
Project("{FAE04EC0-301F-11D3-BF4B-00C04F79EFBC}") = "TravelExp.Prism.Android", "TravelExp.Prism\TravelExp.Prism.Android\TravelExp.Prism.Android.csproj", "{AD27E7CB-E92C-4CE8-9C69-A333C4FD16CA}"
EndProject
Project("{FAE04EC0-301F-11D3-BF4B-00C04F79EFBC}") = "TravelExp.Prism.iOS", "TravelExp.Prism\TravelExp.Prism.iOS\TravelExp.Prism.iOS.csproj", "{2CAF32DC-D305-4C25-887E-9A1C5EF38F19}"
EndProject
Global
	GlobalSection(SolutionConfigurationPlatforms) = preSolution
		Ad-Hoc|Any CPU = Ad-Hoc|Any CPU
		Ad-Hoc|iPhone = Ad-Hoc|iPhone
		Ad-Hoc|iPhoneSimulator = Ad-Hoc|iPhoneSimulator
		AppStore|Any CPU = AppStore|Any CPU
		AppStore|iPhone = AppStore|iPhone
		AppStore|iPhoneSimulator = AppStore|iPhoneSimulator
		Debug|Any CPU = Debug|Any CPU
		Debug|iPhone = Debug|iPhone
		Debug|iPhoneSimulator = Debug|iPhoneSimulator
		Release|Any CPU = Release|Any CPU
		Release|iPhone = Release|iPhone
		Release|iPhoneSimulator = Release|iPhoneSimulator
	EndGlobalSection
	GlobalSection(ProjectConfigurationPlatforms) = postSolution
		{1CDDB5A4-382E-418E-A4ED-B3D9F8B028C2}.Ad-Hoc|Any CPU.ActiveCfg = Release|Any CPU
		{1CDDB5A4-382E-418E-A4ED-B3D9F8B028C2}.Ad-Hoc|Any CPU.Build.0 = Release|Any CPU
		{1CDDB5A4-382E-418E-A4ED-B3D9F8B028C2}.Ad-Hoc|iPhone.ActiveCfg = Release|Any CPU
		{1CDDB5A4-382E-418E-A4ED-B3D9F8B028C2}.Ad-Hoc|iPhone.Build.0 = Release|Any CPU
		{1CDDB5A4-382E-418E-A4ED-B3D9F8B028C2}.Ad-Hoc|iPhoneSimulator.ActiveCfg = Release|Any CPU
		{1CDDB5A4-382E-418E-A4ED-B3D9F8B028C2}.Ad-Hoc|iPhoneSimulator.Build.0 = Release|Any CPU
		{1CDDB5A4-382E-418E-A4ED-B3D9F8B028C2}.AppStore|Any CPU.ActiveCfg = Release|Any CPU
		{1CDDB5A4-382E-418E-A4ED-B3D9F8B028C2}.AppStore|Any CPU.Build.0 = Release|Any CPU
		{1CDDB5A4-382E-418E-A4ED-B3D9F8B028C2}.AppStore|iPhone.ActiveCfg = Release|Any CPU
		{1CDDB5A4-382E-418E-A4ED-B3D9F8B028C2}.AppStore|iPhone.Build.0 = Release|Any CPU
		{1CDDB5A4-382E-418E-A4ED-B3D9F8B028C2}.AppStore|iPhoneSimulator.ActiveCfg = Release|Any CPU
		{1CDDB5A4-382E-418E-A4ED-B3D9F8B028C2}.AppStore|iPhoneSimulator.Build.0 = Release|Any CPU
		{1CDDB5A4-382E-418E-A4ED-B3D9F8B028C2}.Debug|Any CPU.ActiveCfg = Debug|Any CPU
		{1CDDB5A4-382E-418E-A4ED-B3D9F8B028C2}.Debug|Any CPU.Build.0 = Debug|Any CPU
		{1CDDB5A4-382E-418E-A4ED-B3D9F8B028C2}.Debug|iPhone.ActiveCfg = Debug|Any CPU
		{1CDDB5A4-382E-418E-A4ED-B3D9F8B028C2}.Debug|iPhone.Build.0 = Debug|Any CPU
		{1CDDB5A4-382E-418E-A4ED-B3D9F8B028C2}.Debug|iPhoneSimulator.ActiveCfg = Debug|Any CPU
		{1CDDB5A4-382E-418E-A4ED-B3D9F8B028C2}.Debug|iPhoneSimulator.Build.0 = Debug|Any CPU
		{1CDDB5A4-382E-418E-A4ED-B3D9F8B028C2}.Release|Any CPU.ActiveCfg = Release|Any CPU
		{1CDDB5A4-382E-418E-A4ED-B3D9F8B028C2}.Release|Any CPU.Build.0 = Release|Any CPU
		{1CDDB5A4-382E-418E-A4ED-B3D9F8B028C2}.Release|iPhone.ActiveCfg = Release|Any CPU
		{1CDDB5A4-382E-418E-A4ED-B3D9F8B028C2}.Release|iPhone.Build.0 = Release|Any CPU
		{1CDDB5A4-382E-418E-A4ED-B3D9F8B028C2}.Release|iPhoneSimulator.ActiveCfg = Release|Any CPU
		{1CDDB5A4-382E-418E-A4ED-B3D9F8B028C2}.Release|iPhoneSimulator.Build.0 = Release|Any CPU
		{64B5C610-C663-494B-8559-6EB653CDB903}.Ad-Hoc|Any CPU.ActiveCfg = Release|Any CPU
		{64B5C610-C663-494B-8559-6EB653CDB903}.Ad-Hoc|Any CPU.Build.0 = Release|Any CPU
		{64B5C610-C663-494B-8559-6EB653CDB903}.Ad-Hoc|iPhone.ActiveCfg = Release|Any CPU
		{64B5C610-C663-494B-8559-6EB653CDB903}.Ad-Hoc|iPhone.Build.0 = Release|Any CPU
		{64B5C610-C663-494B-8559-6EB653CDB903}.Ad-Hoc|iPhoneSimulator.ActiveCfg = Release|Any CPU
		{64B5C610-C663-494B-8559-6EB653CDB903}.Ad-Hoc|iPhoneSimulator.Build.0 = Release|Any CPU
		{64B5C610-C663-494B-8559-6EB653CDB903}.AppStore|Any CPU.ActiveCfg = Release|Any CPU
		{64B5C610-C663-494B-8559-6EB653CDB903}.AppStore|Any CPU.Build.0 = Release|Any CPU
		{64B5C610-C663-494B-8559-6EB653CDB903}.AppStore|iPhone.ActiveCfg = Release|Any CPU
		{64B5C610-C663-494B-8559-6EB653CDB903}.AppStore|iPhone.Build.0 = Release|Any CPU
		{64B5C610-C663-494B-8559-6EB653CDB903}.AppStore|iPhoneSimulator.ActiveCfg = Release|Any CPU
		{64B5C610-C663-494B-8559-6EB653CDB903}.AppStore|iPhoneSimulator.Build.0 = Release|Any CPU
		{64B5C610-C663-494B-8559-6EB653CDB903}.Debug|Any CPU.ActiveCfg = Debug|Any CPU
		{64B5C610-C663-494B-8559-6EB653CDB903}.Debug|Any CPU.Build.0 = Debug|Any CPU
		{64B5C610-C663-494B-8559-6EB653CDB903}.Debug|iPhone.ActiveCfg = Debug|Any CPU
		{64B5C610-C663-494B-8559-6EB653CDB903}.Debug|iPhone.Build.0 = Debug|Any CPU
		{64B5C610-C663-494B-8559-6EB653CDB903}.Debug|iPhoneSimulator.ActiveCfg = Debug|Any CPU
		{64B5C610-C663-494B-8559-6EB653CDB903}.Debug|iPhoneSimulator.Build.0 = Debug|Any CPU
		{64B5C610-C663-494B-8559-6EB653CDB903}.Release|Any CPU.ActiveCfg = Release|Any CPU
		{64B5C610-C663-494B-8559-6EB653CDB903}.Release|Any CPU.Build.0 = Release|Any CPU
		{64B5C610-C663-494B-8559-6EB653CDB903}.Release|iPhone.ActiveCfg = Release|Any CPU
		{64B5C610-C663-494B-8559-6EB653CDB903}.Release|iPhone.Build.0 = Release|Any CPU
		{64B5C610-C663-494B-8559-6EB653CDB903}.Release|iPhoneSimulator.ActiveCfg = Release|Any CPU
		{64B5C610-C663-494B-8559-6EB653CDB903}.Release|iPhoneSimulator.Build.0 = Release|Any CPU
		{CBDEE436-36A1-4A2D-A0AD-61A128E012CF}.Ad-Hoc|Any CPU.ActiveCfg = Debug|Any CPU
		{CBDEE436-36A1-4A2D-A0AD-61A128E012CF}.Ad-Hoc|Any CPU.Build.0 = Debug|Any CPU
		{CBDEE436-36A1-4A2D-A0AD-61A128E012CF}.Ad-Hoc|iPhone.ActiveCfg = Debug|Any CPU
		{CBDEE436-36A1-4A2D-A0AD-61A128E012CF}.Ad-Hoc|iPhone.Build.0 = Debug|Any CPU
		{CBDEE436-36A1-4A2D-A0AD-61A128E012CF}.Ad-Hoc|iPhoneSimulator.ActiveCfg = Debug|Any CPU
		{CBDEE436-36A1-4A2D-A0AD-61A128E012CF}.Ad-Hoc|iPhoneSimulator.Build.0 = Debug|Any CPU
		{CBDEE436-36A1-4A2D-A0AD-61A128E012CF}.AppStore|Any CPU.ActiveCfg = Debug|Any CPU
		{CBDEE436-36A1-4A2D-A0AD-61A128E012CF}.AppStore|Any CPU.Build.0 = Debug|Any CPU
		{CBDEE436-36A1-4A2D-A0AD-61A128E012CF}.AppStore|iPhone.ActiveCfg = Debug|Any CPU
		{CBDEE436-36A1-4A2D-A0AD-61A128E012CF}.AppStore|iPhone.Build.0 = Debug|Any CPU
		{CBDEE436-36A1-4A2D-A0AD-61A128E012CF}.AppStore|iPhoneSimulator.ActiveCfg = Debug|Any CPU
		{CBDEE436-36A1-4A2D-A0AD-61A128E012CF}.AppStore|iPhoneSimulator.Build.0 = Debug|Any CPU
		{CBDEE436-36A1-4A2D-A0AD-61A128E012CF}.Debug|Any CPU.ActiveCfg = Debug|Any CPU
		{CBDEE436-36A1-4A2D-A0AD-61A128E012CF}.Debug|Any CPU.Build.0 = Debug|Any CPU
		{CBDEE436-36A1-4A2D-A0AD-61A128E012CF}.Debug|iPhone.ActiveCfg = Debug|Any CPU
		{CBDEE436-36A1-4A2D-A0AD-61A128E012CF}.Debug|iPhone.Build.0 = Debug|Any CPU
		{CBDEE436-36A1-4A2D-A0AD-61A128E012CF}.Debug|iPhoneSimulator.ActiveCfg = Debug|Any CPU
		{CBDEE436-36A1-4A2D-A0AD-61A128E012CF}.Debug|iPhoneSimulator.Build.0 = Debug|Any CPU
		{CBDEE436-36A1-4A2D-A0AD-61A128E012CF}.Release|Any CPU.ActiveCfg = Release|Any CPU
		{CBDEE436-36A1-4A2D-A0AD-61A128E012CF}.Release|Any CPU.Build.0 = Release|Any CPU
		{CBDEE436-36A1-4A2D-A0AD-61A128E012CF}.Release|iPhone.ActiveCfg = Release|Any CPU
		{CBDEE436-36A1-4A2D-A0AD-61A128E012CF}.Release|iPhone.Build.0 = Release|Any CPU
		{CBDEE436-36A1-4A2D-A0AD-61A128E012CF}.Release|iPhoneSimulator.ActiveCfg = Release|Any CPU
		{CBDEE436-36A1-4A2D-A0AD-61A128E012CF}.Release|iPhoneSimulator.Build.0 = Release|Any CPU
		{AD27E7CB-E92C-4CE8-9C69-A333C4FD16CA}.Ad-Hoc|Any CPU.ActiveCfg = Release|Any CPU
		{AD27E7CB-E92C-4CE8-9C69-A333C4FD16CA}.Ad-Hoc|Any CPU.Build.0 = Release|Any CPU
		{AD27E7CB-E92C-4CE8-9C69-A333C4FD16CA}.Ad-Hoc|Any CPU.Deploy.0 = Release|Any CPU
		{AD27E7CB-E92C-4CE8-9C69-A333C4FD16CA}.Ad-Hoc|iPhone.ActiveCfg = Release|Any CPU
		{AD27E7CB-E92C-4CE8-9C69-A333C4FD16CA}.Ad-Hoc|iPhone.Build.0 = Release|Any CPU
		{AD27E7CB-E92C-4CE8-9C69-A333C4FD16CA}.Ad-Hoc|iPhone.Deploy.0 = Release|Any CPU
		{AD27E7CB-E92C-4CE8-9C69-A333C4FD16CA}.Ad-Hoc|iPhoneSimulator.ActiveCfg = Release|Any CPU
		{AD27E7CB-E92C-4CE8-9C69-A333C4FD16CA}.Ad-Hoc|iPhoneSimulator.Build.0 = Release|Any CPU
		{AD27E7CB-E92C-4CE8-9C69-A333C4FD16CA}.Ad-Hoc|iPhoneSimulator.Deploy.0 = Release|Any CPU
		{AD27E7CB-E92C-4CE8-9C69-A333C4FD16CA}.AppStore|Any CPU.ActiveCfg = Release|Any CPU
		{AD27E7CB-E92C-4CE8-9C69-A333C4FD16CA}.AppStore|Any CPU.Build.0 = Release|Any CPU
		{AD27E7CB-E92C-4CE8-9C69-A333C4FD16CA}.AppStore|Any CPU.Deploy.0 = Release|Any CPU
		{AD27E7CB-E92C-4CE8-9C69-A333C4FD16CA}.AppStore|iPhone.ActiveCfg = Release|Any CPU
		{AD27E7CB-E92C-4CE8-9C69-A333C4FD16CA}.AppStore|iPhone.Build.0 = Release|Any CPU
		{AD27E7CB-E92C-4CE8-9C69-A333C4FD16CA}.AppStore|iPhone.Deploy.0 = Release|Any CPU
		{AD27E7CB-E92C-4CE8-9C69-A333C4FD16CA}.AppStore|iPhoneSimulator.ActiveCfg = Release|Any CPU
		{AD27E7CB-E92C-4CE8-9C69-A333C4FD16CA}.AppStore|iPhoneSimulator.Build.0 = Release|Any CPU
		{AD27E7CB-E92C-4CE8-9C69-A333C4FD16CA}.AppStore|iPhoneSimulator.Deploy.0 = Release|Any CPU
		{AD27E7CB-E92C-4CE8-9C69-A333C4FD16CA}.Debug|Any CPU.ActiveCfg = Debug|Any CPU
		{AD27E7CB-E92C-4CE8-9C69-A333C4FD16CA}.Debug|Any CPU.Build.0 = Debug|Any CPU
		{AD27E7CB-E92C-4CE8-9C69-A333C4FD16CA}.Debug|Any CPU.Deploy.0 = Debug|Any CPU
		{AD27E7CB-E92C-4CE8-9C69-A333C4FD16CA}.Debug|iPhone.ActiveCfg = Debug|Any CPU
		{AD27E7CB-E92C-4CE8-9C69-A333C4FD16CA}.Debug|iPhone.Build.0 = Debug|Any CPU
		{AD27E7CB-E92C-4CE8-9C69-A333C4FD16CA}.Debug|iPhone.Deploy.0 = Debug|Any CPU
		{AD27E7CB-E92C-4CE8-9C69-A333C4FD16CA}.Debug|iPhoneSimulator.ActiveCfg = Debug|Any CPU
		{AD27E7CB-E92C-4CE8-9C69-A333C4FD16CA}.Debug|iPhoneSimulator.Build.0 = Debug|Any CPU
		{AD27E7CB-E92C-4CE8-9C69-A333C4FD16CA}.Debug|iPhoneSimulator.Deploy.0 = Debug|Any CPU
		{AD27E7CB-E92C-4CE8-9C69-A333C4FD16CA}.Release|Any CPU.ActiveCfg = Release|Any CPU
		{AD27E7CB-E92C-4CE8-9C69-A333C4FD16CA}.Release|Any CPU.Build.0 = Release|Any CPU
		{AD27E7CB-E92C-4CE8-9C69-A333C4FD16CA}.Release|Any CPU.Deploy.0 = Release|Any CPU
		{AD27E7CB-E92C-4CE8-9C69-A333C4FD16CA}.Release|iPhone.ActiveCfg = Release|Any CPU
		{AD27E7CB-E92C-4CE8-9C69-A333C4FD16CA}.Release|iPhone.Build.0 = Release|Any CPU
		{AD27E7CB-E92C-4CE8-9C69-A333C4FD16CA}.Release|iPhone.Deploy.0 = Release|Any CPU
		{AD27E7CB-E92C-4CE8-9C69-A333C4FD16CA}.Release|iPhoneSimulator.ActiveCfg = Release|Any CPU
		{AD27E7CB-E92C-4CE8-9C69-A333C4FD16CA}.Release|iPhoneSimulator.Build.0 = Release|Any CPU
		{AD27E7CB-E92C-4CE8-9C69-A333C4FD16CA}.Release|iPhoneSimulator.Deploy.0 = Release|Any CPU
		{2CAF32DC-D305-4C25-887E-9A1C5EF38F19}.Ad-Hoc|Any CPU.ActiveCfg = Ad-Hoc|iPhone
		{2CAF32DC-D305-4C25-887E-9A1C5EF38F19}.Ad-Hoc|iPhone.ActiveCfg = Ad-Hoc|iPhone
		{2CAF32DC-D305-4C25-887E-9A1C5EF38F19}.Ad-Hoc|iPhone.Build.0 = Ad-Hoc|iPhone
		{2CAF32DC-D305-4C25-887E-9A1C5EF38F19}.Ad-Hoc|iPhoneSimulator.ActiveCfg = Ad-Hoc|iPhoneSimulator
		{2CAF32DC-D305-4C25-887E-9A1C5EF38F19}.Ad-Hoc|iPhoneSimulator.Build.0 = Ad-Hoc|iPhoneSimulator
		{2CAF32DC-D305-4C25-887E-9A1C5EF38F19}.AppStore|Any CPU.ActiveCfg = AppStore|iPhone
		{2CAF32DC-D305-4C25-887E-9A1C5EF38F19}.AppStore|iPhone.ActiveCfg = AppStore|iPhone
		{2CAF32DC-D305-4C25-887E-9A1C5EF38F19}.AppStore|iPhone.Build.0 = AppStore|iPhone
		{2CAF32DC-D305-4C25-887E-9A1C5EF38F19}.AppStore|iPhoneSimulator.ActiveCfg = AppStore|iPhoneSimulator
		{2CAF32DC-D305-4C25-887E-9A1C5EF38F19}.AppStore|iPhoneSimulator.Build.0 = AppStore|iPhoneSimulator
		{2CAF32DC-D305-4C25-887E-9A1C5EF38F19}.Debug|Any CPU.ActiveCfg = Debug|iPhone
		{2CAF32DC-D305-4C25-887E-9A1C5EF38F19}.Debug|iPhone.ActiveCfg = Debug|iPhone
		{2CAF32DC-D305-4C25-887E-9A1C5EF38F19}.Debug|iPhone.Build.0 = Debug|iPhone
		{2CAF32DC-D305-4C25-887E-9A1C5EF38F19}.Debug|iPhoneSimulator.ActiveCfg = Debug|iPhoneSimulator
		{2CAF32DC-D305-4C25-887E-9A1C5EF38F19}.Debug|iPhoneSimulator.Build.0 = Debug|iPhoneSimulator
		{2CAF32DC-D305-4C25-887E-9A1C5EF38F19}.Release|Any CPU.ActiveCfg = Release|iPhone
		{2CAF32DC-D305-4C25-887E-9A1C5EF38F19}.Release|iPhone.ActiveCfg = Release|iPhone
		{2CAF32DC-D305-4C25-887E-9A1C5EF38F19}.Release|iPhone.Build.0 = Release|iPhone
		{2CAF32DC-D305-4C25-887E-9A1C5EF38F19}.Release|iPhoneSimulator.ActiveCfg = Release|iPhoneSimulator
		{2CAF32DC-D305-4C25-887E-9A1C5EF38F19}.Release|iPhoneSimulator.Build.0 = Release|iPhoneSimulator
	EndGlobalSection
	GlobalSection(SolutionProperties) = preSolution
		HideSolutionNode = FALSE
	EndGlobalSection
	GlobalSection(ExtensibilityGlobals) = postSolution
		SolutionGuid = {1BCC82A6-B48E-4DC0-B94A-AF53C41015BA}
	EndGlobalSection
EndGlobal
